
Microsoft Visual Studio Solution File, Format Version 12.00
# Visual Studio Version 17
VisualStudioVersion = 17.0.31903.59
MinimumVisualStudioVersion = 10.0.40219.1
Project("{FAE04EC0-301F-11D3-BF4B-00C04F79EFBC}") = "Prescriptions.API", "Prescriptions.API\Prescriptions.API.csproj", "{1B839A42-B472-4892-B7C8-53480BCE424E}"
EndProject
Project("{FAE04EC0-301F-11D3-BF4B-00C04F79EFBC}") = "Prescriptions.API.Tests", "Prescriptions.API.Tests\Prescriptions.API.Tests.csproj", "{4064D60E-15F4-419B-9773-334AADD48549}"
EndProject
Global
	GlobalSection(SolutionConfigurationPlatforms) = preSolution
		Debug|Any CPU = Debug|Any CPU
		Release|Any CPU = Release|Any CPU
	EndGlobalSection
	GlobalSection(SolutionProperties) = preSolution
		HideSolutionNode = FALSE
	EndGlobalSection
	GlobalSection(ProjectConfigurationPlatforms) = postSolution
		{1B839A42-B472-4892-B7C8-53480BCE424E}.Debug|Any CPU.ActiveCfg = Debug|Any CPU
		{1B839A42-B472-4892-B7C8-53480BCE424E}.Debug|Any CPU.Build.0 = Debug|Any CPU
		{1B839A42-B472-4892-B7C8-53480BCE424E}.Release|Any CPU.ActiveCfg = Release|Any CPU
		{1B839A42-B472-4892-B7C8-53480BCE424E}.Release|Any CPU.Build.0 = Release|Any CPU
		{4064D60E-15F4-419B-9773-334AADD48549}.Debug|Any CPU.ActiveCfg = Debug|Any CPU
		{4064D60E-15F4-419B-9773-334AADD48549}.Debug|Any CPU.Build.0 = Debug|Any CPU
		{4064D60E-15F4-419B-9773-334AADD48549}.Release|Any CPU.ActiveCfg = Release|Any CPU
		{4064D60E-15F4-419B-9773-334AADD48549}.Release|Any CPU.Build.0 = Release|Any CPU
	EndGlobalSection
EndGlobal
